// !$*UTF8*$!
{
	archiveVersion = 1;
	classes = {
	};
	objectVersion = 46;
	objects = {

/* Begin PBXBuildFile section */
		AA000001 /* App.swift in Sources */         = {isa = PBXBuildFile; fileRef = BB000001 /* App.swift */; };
		AA000002 /* HostAPI.swift in Sources */     = {isa = PBXBuildFile; fileRef = BB000002 /* HostAPI.swift */; };
		AA000003 /* HostModels.swift in Sources */  = {isa = PBXBuildFile; fileRef = BB000003 /* HostModels.swift */; };
		AA000004 /* HostState.swift in Sources */   = {isa = PBXBuildFile; fileRef = BB000004 /* HostState.swift */; };
		AA000005 /* QRCodeView.swift in Sources */  = {isa = PBXBuildFile; fileRef = BB000005 /* QRCodeView.swift */; };
		AA000006 /* DesignSystem.swift in Sources */ = {isa = PBXBuildFile; fileRef = BB000006 /* DesignSystem.swift */; };
		AA000007 /* Assets.xcassets in Resources */ = {isa = PBXBuildFile; fileRef = BB000007 /* Assets.xcassets */; };
		AA000008 /* ContentLibraryView.swift in Sources */ = {isa = PBXBuildFile; fileRef = BB000008 /* ContentLibraryView.swift */; };
		AA000009 /* ContentPackDetailView.swift in Sources */ = {isa = PBXBuildFile; fileRef = BB000009 /* ContentPackDetailView.swift */; };
		AA000010 /* GenerateContentView.swift in Sources */ = {isa = PBXBuildFile; fileRef = BB000010 /* GenerateContentView.swift */; };
		AA000011 /* ContentPackModels.swift in Sources */ = {isa = PBXBuildFile; fileRef = BB000011 /* ContentPackModels.swift */; };
		AA000012 /* ContentAPI.swift in Sources */ = {isa = PBXBuildFile; fileRef = BB000012 /* ContentAPI.swift */; };
		AA000013 /* BonjourService.swift in Sources */ = {isa = PBXBuildFile; fileRef = BB000013 /* BonjourService.swift */; };
		AA000014 /* GenerateGamePlanView.swift in Sources */ = {isa = PBXBuildFile; fileRef = BB000014 /* GenerateGamePlanView.swift */; };
/* End PBXBuildFile section */

/* Begin PBXFileReference section */
		BB000001 /* App.swift */        = {isa = PBXFileReference; lastKnownFileType = sourcecode.swift; path = App.swift;        sourceTree = "<group>"; };
		BB000002 /* HostAPI.swift */    = {isa = PBXFileReference; lastKnownFileType = sourcecode.swift; path = HostAPI.swift;    sourceTree = "<group>"; };
		BB000003 /* HostModels.swift */ = {isa = PBXFileReference; lastKnownFileType = sourcecode.swift; path = HostModels.swift; sourceTree = "<group>"; };
		BB000004 /* HostState.swift */  = {isa = PBXFileReference; lastKnownFileType = sourcecode.swift; path = HostState.swift;  sourceTree = "<group>"; };
		BB000005 /* QRCodeView.swift */ = {isa = PBXFileReference; lastKnownFileType = sourcecode.swift; path = QRCodeView.swift; sourceTree = "<group>"; };
		BB000006 /* DesignSystem.swift */ = {isa = PBXFileReference; lastKnownFileType = sourcecode.swift; path = DesignSystem.swift; sourceTree = "<group>"; };
		BB000007 /* Assets.xcassets */  = {isa = PBXFileReference; lastKnownFileType = folder.assetcatalog; path = Assets.xcassets; sourceTree = "<group>"; };
		BB000008 /* ContentLibraryView.swift */ = {isa = PBXFileReference; lastKnownFileType = sourcecode.swift; path = ContentLibraryView.swift; sourceTree = "<group>"; };
		BB000009 /* ContentPackDetailView.swift */ = {isa = PBXFileReference; lastKnownFileType = sourcecode.swift; path = ContentPackDetailView.swift; sourceTree = "<group>"; };
		BB000010 /* GenerateContentView.swift */ = {isa = PBXFileReference; lastKnownFileType = sourcecode.swift; path = GenerateContentView.swift; sourceTree = "<group>"; };
		BB000011 /* ContentPackModels.swift */ = {isa = PBXFileReference; lastKnownFileType = sourcecode.swift; path = ContentPackModels.swift; sourceTree = "<group>"; };
		BB000012 /* ContentAPI.swift */ = {isa = PBXFileReference; lastKnownFileType = sourcecode.swift; path = ContentAPI.swift; sourceTree = "<group>"; };
		BB000013 /* BonjourService.swift */ = {isa = PBXFileReference; lastKnownFileType = sourcecode.swift; path = BonjourService.swift; sourceTree = "<group>"; };
		BB000014 /* GenerateGamePlanView.swift */ = {isa = PBXFileReference; lastKnownFileType = sourcecode.swift; path = GenerateGamePlanView.swift; sourceTree = "<group>"; };
		BB000099 /* Info.plist */       = {isa = PBXFileReference; lastKnownFileType = text.plist.xml; path = Info.plist; sourceTree = "<group>"; };
		BB0000F0 /* PaSparetHost.app */ = {isa = PBXFileReference; explicitFileType = wrapper.application; includeInIndex = 0; path = PaSparetHost.app; sourceTree = BUILT_PRODUCTS_DIR; };
/* End PBXFileReference section */

/* Begin PBXGroup section */
		BB0000AA /* PaSparetHost (root) */ = {
			isa = PBXGroup;
			children = (
				BB0000AB /* Sources */,
				BB0000AC /* Products */,
			);
			sourceTree = "<group>";
		};
		BB0000AB /* Sources */ = {
			isa = PBXGroup;
			children = (
				BB000001 /* App.swift */,
				BB000006 /* DesignSystem.swift */,
				BB000002 /* HostAPI.swift */,
				BB000012 /* ContentAPI.swift */,
				BB000003 /* HostModels.swift */,
				BB000011 /* ContentPackModels.swift */,
				BB000004 /* HostState.swift */,
				BB000013 /* BonjourService.swift */,
				BB000005 /* QRCodeView.swift */,
				BB0000AD /* Views */,
				BB000007 /* Assets.xcassets */,
				BB000099 /* Info.plist */,
			);
			path = Sources/PaSparetHost;
			sourceTree = "<group>";
		};
		BB0000AD /* Views */ = {
			isa = PBXGroup;
			children = (
				BB000014 /* GenerateGamePlanView.swift */,
				BB0000AE /* Content */,
			);
			path = Views;
			sourceTree = "<group>";
		};
		BB0000AE /* Content */ = {
			isa = PBXGroup;
			children = (
				BB000008 /* ContentLibraryView.swift */,
				BB000009 /* ContentPackDetailView.swift */,
				BB000010 /* GenerateContentView.swift */,
			);
			path = Content;
			sourceTree = "<group>";
		};
		BB0000AC /* Products */ = {
			isa = PBXGroup;
			children = (
				BB0000F0 /* PaSparetHost.app */,
			);
			name = Products;
			sourceTree = "<group>";
		};
/* End PBXGroup section */

/* Begin PBXNativeTarget section */
		BB000050 /* PaSparetHost */ = {
			isa = PBXNativeTarget;
			buildPhases = (
				BB000051 /* Sources */,
				BB000052 /* Resources */,
			);
			buildRules = (
			);
			dependencies = (
			);
			name = PaSparetHost;
			productName = PaSparetHost;
			productReference = BB0000F0 /* PaSparetHost.app */;
			productType = "com.apple.product-type.application";
			buildConfigurationList = BB000070 /* Build Configurations for PBXNativeTarget "PaSparetHost" */;
		};
/* End PBXNativeTarget section */

/* Begin PBXProject section */
		BB000040 /* Project object */ = {
			isa = PBXProject;
			buildConfigurationList = BB000071 /* Build Configurations for PBXProject "PaSparetHost" */;
			compatibilityVersion = "Xcode 3.2";
			developmentRegion = en;
			mainGroup = BB0000AA /* PaSparetHost (root) */;
			productRefGroup = BB0000AC /* Products */;
			targets = (
				BB000050 /* PaSparetHost */,
			);
		};
/* End PBXProject section */

/* Begin PBXResourcesBuildPhase section */
		BB000052 /* Resources */ = {
			isa = PBXResourcesBuildPhase;
			files = (
				AA000007 /* Assets.xcassets in Resources */,
			);
			runOnlyForDeploymentPostprocessing = 0;
		};
/* End PBXResourcesBuildPhase section */

/* Begin PBXSourcesBuildPhase section */
		BB000051 /* Sources */ = {
			isa = PBXSourcesBuildPhase;
			files = (
				AA000001 /* App.swift in Sources */,
				AA000006 /* DesignSystem.swift in Sources */,
				AA000002 /* HostAPI.swift in Sources */,
				AA000012 /* ContentAPI.swift in Sources */,
				AA000003 /* HostModels.swift in Sources */,
				AA000011 /* ContentPackModels.swift in Sources */,
				AA000004 /* HostState.swift in Sources */,
				AA000013 /* BonjourService.swift in Sources */,
				AA000005 /* QRCodeView.swift in Sources */,
				AA000014 /* GenerateGamePlanView.swift in Sources */,
				AA000008 /* ContentLibraryView.swift in Sources */,
				AA000009 /* ContentPackDetailView.swift in Sources */,
				AA000010 /* GenerateContentView.swift in Sources */,
			);
			runOnlyForDeploymentPostprocessing = 0;
		};
/* End PBXSourcesBuildPhase section */

/* Begin XCBuildConfiguration section */
		BB000060 /* Debug (project) */ = {
			isa = XCBuildConfiguration;
			buildSettings = {
				ALWAYS_SEARCH_USER_PATHS = NO;
				CODE_SIGN_IDENTITY = "";
				CODE_SIGNING_REQUIRED = NO;
				ENABLE_TESTABILITY = YES;
				SDKROOT = iphonesimulator;
				SWIFT_VERSION = "5.9";
				IPHONEOS_DEPLOYMENT_TARGET = 16.0;
			};
			name = Debug;
		};
		BB000061 /* Release (project) */ = {
			isa = XCBuildConfiguration;
			buildSettings = {
				ALWAYS_SEARCH_USER_PATHS = NO;
				CODE_SIGN_IDENTITY = "";
				CODE_SIGNING_REQUIRED = NO;
				SDKROOT = iphonesimulator;
				SWIFT_VERSION = "5.9";
				IPHONEOS_DEPLOYMENT_TARGET = 16.0;
			};
			name = Release;
		};
		BB000062 /* Debug (target) */ = {
			isa = XCBuildConfiguration;
			buildSettings = {
				INFOPLIST_FILE = Sources/PaSparetHost/Info.plist;
				PRODUCT_NAME = Tripto;
				PRODUCT_BUNDLE_IDENTIFIER = "com.tripto.host";
				PRODUCT_TYPE = "com.apple.product-type.application";
				SWIFT_VERSION = "5.9";
				IPHONEOS_DEPLOYMENT_TARGET = 16.0;
				TARGETED_DEVICE_FAMILY = "1,2";
				ASSETCATALOG_COMPILER_APPICON_NAME = AppIcon;
			};
			name = Debug;
		};
		BB000063 /* Release (target) */ = {
			isa = XCBuildConfiguration;
			buildSettings = {
				INFOPLIST_FILE = Sources/PaSparetHost/Info.plist;
				PRODUCT_NAME = Tripto;
				PRODUCT_BUNDLE_IDENTIFIER = "com.tripto.host";
				PRODUCT_TYPE = "com.apple.product-type.application";
				SWIFT_VERSION = "5.9";
				IPHONEOS_DEPLOYMENT_TARGET = 16.0;
				TARGETED_DEVICE_FAMILY = "1,2";
				ASSETCATALOG_COMPILER_APPICON_NAME = AppIcon;
			};
			name = Release;
		};
/* End XCBuildConfiguration section */

/* Begin XCConfigurationList section */
		BB000070 /* Build Configurations for PBXNativeTarget "PaSparetHost" */ = {
			isa = XCConfigurationList;
			buildConfigurations = (
				BB000062 /* Debug */,
				BB000063 /* Release */,
			);
			defaultConfigurationIsVisible = 0;
			defaultConfigurationName = Release;
		};
		BB000071 /* Build Configurations for PBXProject "PaSparetHost" */ = {
			isa = XCConfigurationList;
			buildConfigurations = (
				BB000060 /* Debug */,
				BB000061 /* Release */,
			);
			defaultConfigurationIsVisible = 0;
			defaultConfigurationName = Release;
		};
/* End XCConfigurationList section */

	};
	rootObject = BB000040 /* Project object */;
}
